<?xml version="1.0" encoding="utf-8"?>
<Project ToolsVersion="4.0" xmlns="http://schemas.microsoft.com/developer/msbuild/2003">
  <ItemGroup>
    <Filter Include="源文件">
      <UniqueIdentifier>{4FC737F1-C7A5-4376-A066-2A32D752A2FF}</UniqueIdentifier>
      <Extensions>cpp;c;cc;cxx;def;odl;idl;hpj;bat;asm;asmx</Extensions>
    </Filter>
    <Filter Include="头文件">
      <UniqueIdentifier>{93995380-89BD-4b04-88EB-625FBE52EBFB}</UniqueIdentifier>
      <Extensions>h;hpp;hxx;hm;inl;inc;xsd</Extensions>
    </Filter>
    <Filter Include="资源文件">
      <UniqueIdentifier>{67DA6AB6-F800-4c08-8B7A-83BB121AAD01}</UniqueIdentifier>
      <Extensions>rc;ico;cur;bmp;dlg;rc2;rct;bin;rgs;gif;jpg;jpeg;jpe;resx;tiff;tif;png;wav;mfcribbon-ms</Extensions>
    </Filter>
    <Filter Include="源文件\mU">
      <UniqueIdentifier>{c9f95beb-4ad4-41eb-b196-bd893e205d20}</UniqueIdentifier>
    </Filter>
  </ItemGroup>
  <ItemGroup>
    <ClCompile Include="Plus.cpp">
      <Filter>源文件</Filter>
    </ClCompile>
    <ClCompile Include="Times.cpp">
      <Filter>源文件</Filter>
    </ClCompile>
    <ClCompile Include="Cast.cpp">
      <Filter>源文件</Filter>
    </ClCompile>
    <ClCompile Include="Number.cpp">
      <Filter>源文件</Filter>
    </ClCompile>
    <ClCompile Include="Divide.cpp">
      <Filter>源文件</Filter>
    </ClCompile>
    <ClCompile Include="Minus.cpp">
      <Filter>源文件</Filter>
    </ClCompile>
    <ClCompile Include="PrimeQ.cpp">
      <Filter>源文件</Filter>
    </ClCompile>
    <ClCompile Include="CoprimeQ.cpp">
      <Filter>源文件</Filter>
    </ClCompile>
    <ClCompile Include="RandomInteger.cpp">
      <Filter>源文件</Filter>
    </ClCompile>
    <ClCompile Include="Z.cpp">
      <Filter>源文件</Filter>
    </ClCompile>
    <ClCompile Include="Q.cpp">
      <Filter>源文件</Filter>
    </ClCompile>
    <ClCompile Include="R.cpp">
      <Filter>源文件</Filter>
    </ClCompile>
    <ClCompile Include="Power.cpp">
      <Filter>源文件</Filter>
    </ClCompile>
    <ClCompile Include="Factorial.cpp">
      <Filter>源文件</Filter>
    </ClCompile>
    <ClCompile Include="Factorial.Impl.cpp">
      <Filter>源文件</Filter>
    </ClCompile>
    <ClCompile Include="Factorial.sieve.cpp">
      <Filter>源文件</Filter>
    </ClCompile>
    <ClCompile Include="N.cpp">
      <Filter>源文件</Filter>
    </ClCompile>
    <ClCompile Include="Pi.cpp">
      <Filter>源文件</Filter>
    </ClCompile>
    <ClCompile Include="Pi.Impl.cpp">
      <Filter>源文件</Filter>
    </ClCompile>
    <ClCompile Include="Precision.cpp">
      <Filter>源文件</Filter>
    </ClCompile>
    <ClCompile Include="FactorInteger.cpp">
      <Filter>源文件</Filter>
    </ClCompile>
    <ClCompile Include="Fibonacci.cpp">
      <Filter>源文件</Filter>
    </ClCompile>
    <ClCompile Include="RealI.cpp">
      <Filter>源文件</Filter>
    </ClCompile>
    <ClCompile Include="IntervalN.cpp">
      <Filter>源文件</Filter>
    </ClCompile>
    <ClCompile Include="Sin.cpp">
      <Filter>源文件</Filter>
    </ClCompile>
    <ClCompile Include="mpfr_wrap.cpp">
      <Filter>源文件</Filter>
    </ClCompile>
    <ClCompile Include="mU\Basic.cpp">
      <Filter>源文件\mU</Filter>
    </ClCompile>
    <ClCompile Include="mU\FactorCrack.cpp">
      <Filter>源文件\mU</Filter>
    </ClCompile>
    <ClCompile Include="mU\integer.cpp">
      <Filter>源文件\mU</Filter>
    </ClCompile>
    <ClCompile Include="mU\interface.cpp">
      <Filter>源文件\mU</Filter>
    </ClCompile>
    <ClCompile Include="mU\list.cpp">
      <Filter>源文件\mU</Filter>
    </ClCompile>
    <ClCompile Include="mU\mpfr.cpp">
      <Filter>源文件\mU</Filter>
    </ClCompile>
    <ClCompile Include="mU\NumberTheory.cpp">
      <Filter>源文件\mU</Filter>
    </ClCompile>
    <ClCompile Include="mU\rational.cpp">
      <Filter>源文件\mU</Filter>
    </ClCompile>
    <ClCompile Include="mU\var.cpp">
      <Filter>源文件\mU</Filter>
    </ClCompile>
    <ClCompile Include="mU\facz.cpp">
      <Filter>源文件\mU</Filter>
    </ClCompile>
    <ClCompile Include="mUNumber.cpp">
      <Filter>源文件</Filter>
    </ClCompile>
    <ClCompile Include="StdAfx.cpp">
      <Filter>源文件</Filter>
    </ClCompile>
  </ItemGroup>
  <ItemGroup>
    <ClInclude Include="..\Include\nV\Number.h">
      <Filter>头文件</Filter>
    </ClInclude>
    <ClInclude Include="..\Include\nV\RealI.h">
      <Filter>头文件</Filter>
    </ClInclude>
    <ClInclude Include="Factorial.sieve.h">
      <Filter>头文件</Filter>
    </ClInclude>
    <ClInclude Include="mpfr_wrap.h">
      <Filter>头文件</Filter>
    </ClInclude>
    <ClInclude Include="Pi.Impl.h">
      <Filter>头文件</Filter>
    </ClInclude>
    <ClInclude Include="StdAfx.h">
      <Filter>头文件</Filter>
    </ClInclude>
    <ClInclude Include="Factorial.Impl.h">
      <Filter>头文件</Filter>
    </ClInclude>
    <ClInclude Include="mpc_wrap.h">
      <Filter>头文件</Filter>
    </ClInclude>
    <ClInclude Include="mU\NumberTheory.h">
      <Filter>头文件</Filter>
    </ClInclude>
    <ClInclude Include="mU\objects.h">
      <Filter>头文件</Filter>
    </ClInclude>
  </ItemGroup>
</Project>