<?xml version="1.0" encoding="utf-8"?>
<Project ToolsVersion="4.0" xmlns="http://schemas.microsoft.com/developer/msbuild/2003">
  <ItemGroup>
    <Filter Include="源文件">
      <UniqueIdentifier>{4FC737F1-C7A5-4376-A066-2A32D752A2FF}</UniqueIdentifier>
      <Extensions>cpp;c;cc;cxx;def;odl;idl;hpj;bat;asm;asmx</Extensions>
    </Filter>
    <Filter Include="头文件">
      <UniqueIdentifier>{93995380-89BD-4b04-88EB-625FBE52EBFB}</UniqueIdentifier>
      <Extensions>h;hpp;hxx;hm;inl;inc;xsd</Extensions>
    </Filter>
    <Filter Include="资源文件">
      <UniqueIdentifier>{67DA6AB6-F800-4c08-8B7A-83BB121AAD01}</UniqueIdentifier>
      <Extensions>rc;ico;cur;bmp;dlg;rc2;rct;bin;rgs;gif;jpg;jpeg;jpe;resx;tiff;tif;png;wav;mfcribbon-ms</Extensions>
    </Filter>
    <Filter Include="源文件\mU">
      <UniqueIdentifier>{3bb87c8a-d1e7-4a38-b5a5-845efb56f4d3}</UniqueIdentifier>
    </Filter>
  </ItemGroup>
  <ItemGroup>
    <ClInclude Include="..\Include\nV\Polynomial.h">
      <Filter>头文件</Filter>
    </ClInclude>
    <ClInclude Include="utils.h">
      <Filter>头文件</Filter>
    </ClInclude>
    <ClInclude Include="SparseArray.h">
      <Filter>头文件</Filter>
    </ClInclude>
    <ClInclude Include="CRE.h">
      <Filter>头文件</Filter>
    </ClInclude>
    <ClInclude Include="mU\polyfloat.h">
      <Filter>头文件</Filter>
    </ClInclude>
    <ClInclude Include="mU\wrap.h">
      <Filter>头文件</Filter>
    </ClInclude>
    <ClInclude Include="mU_wrap.h">
      <Filter>头文件</Filter>
    </ClInclude>
    <ClInclude Include="StdAfx.h">
      <Filter>头文件</Filter>
    </ClInclude>
  </ItemGroup>
  <ItemGroup>
    <ClCompile Include="Polynomial.cpp">
      <Filter>源文件</Filter>
    </ClCompile>
    <ClCompile Include="Plus.cpp">
      <Filter>源文件</Filter>
    </ClCompile>
    <ClCompile Include="Times.cpp">
      <Filter>源文件</Filter>
    </ClCompile>
    <ClCompile Include="Divide.cpp">
      <Filter>源文件</Filter>
    </ClCompile>
    <ClCompile Include="Minus.cpp">
      <Filter>源文件</Filter>
    </ClCompile>
    <ClCompile Include="Power.cpp">
      <Filter>源文件</Filter>
    </ClCompile>
    <ClCompile Include="Compare.cpp">
      <Filter>源文件</Filter>
    </ClCompile>
    <ClCompile Include="utils.cpp">
      <Filter>源文件</Filter>
    </ClCompile>
    <ClCompile Include="mU_wrap.cpp">
      <Filter>源文件</Filter>
    </ClCompile>
    <ClCompile Include="mU\floatbasic.cpp">
      <Filter>源文件\mU</Filter>
    </ClCompile>
    <ClCompile Include="mU\jenkins-traub.cpp">
      <Filter>源文件\mU</Filter>
    </ClCompile>
    <ClCompile Include="mU\multigcdz.cpp">
      <Filter>源文件\mU</Filter>
    </ClCompile>
    <ClCompile Include="mU\multigcdzp.cpp">
      <Filter>源文件\mU</Filter>
    </ClCompile>
    <ClCompile Include="mU\multigroebner.cpp">
      <Filter>源文件\mU</Filter>
    </ClCompile>
    <ClCompile Include="mU\multirss.cpp">
      <Filter>源文件\mU</Filter>
    </ClCompile>
    <ClCompile Include="mU\multisparseq.cpp">
      <Filter>源文件\mU</Filter>
    </ClCompile>
    <ClCompile Include="mU\multisparsez.cpp">
      <Filter>源文件\mU</Filter>
    </ClCompile>
    <ClCompile Include="mU\multiwu.cpp">
      <Filter>源文件\mU</Filter>
    </ClCompile>
    <ClCompile Include="mU\polyrandom.cpp">
      <Filter>源文件\mU</Filter>
    </ClCompile>
    <ClCompile Include="mU\uniarithmetic.cpp">
      <Filter>源文件\mU</Filter>
    </ClCompile>
    <ClCompile Include="mU\unicyclotomic.cpp">
      <Filter>源文件\mU</Filter>
    </ClCompile>
    <ClCompile Include="mU\unidecompose.cpp">
      <Filter>源文件\mU</Filter>
    </ClCompile>
    <ClCompile Include="mU\uniexactsolution.cpp">
      <Filter>源文件\mU</Filter>
    </ClCompile>
    <ClCompile Include="mU\unifacz.cpp">
      <Filter>源文件\mU</Filter>
    </ClCompile>
    <ClCompile Include="mU\unifaczp.cpp">
      <Filter>源文件\mU</Filter>
    </ClCompile>
    <ClCompile Include="mU\unigcd.cpp">
      <Filter>源文件\mU</Filter>
    </ClCompile>
    <ClCompile Include="mU\unirootseparation.cpp">
      <Filter>源文件\mU</Filter>
    </ClCompile>
    <ClCompile Include="mU\unismallprime.cpp">
      <Filter>源文件\mU</Filter>
    </ClCompile>
    <ClCompile Include="CPEWu.cpp">
      <Filter>源文件</Filter>
    </ClCompile>
    <ClCompile Include="CPEFactor.cpp">
      <Filter>源文件</Filter>
    </ClCompile>
    <ClCompile Include="CPELink.cpp">
      <Filter>源文件</Filter>
    </ClCompile>
    <ClCompile Include="CPE.cpp">
      <Filter>源文件</Filter>
    </ClCompile>
    <ClCompile Include="mUPolynomial.cpp">
      <Filter>源文件</Filter>
    </ClCompile>
    <ClCompile Include="mU\unisolve.cpp">
      <Filter>源文件\mU</Filter>
    </ClCompile>
    <ClCompile Include="mU\wrap.cpp">
      <Filter>源文件\mU</Filter>
    </ClCompile>
    <ClCompile Include="SparseArray.cpp">
      <Filter>源文件</Filter>
    </ClCompile>
    <ClCompile Include="CRE.cpp">
      <Filter>源文件</Filter>
    </ClCompile>
    <ClCompile Include="StdAfx.cpp">
      <Filter>源文件</Filter>
    </ClCompile>
  </ItemGroup>
</Project>